
Microsoft Visual Studio Solution File, Format Version 12.00
# Visual Studio Version 17
VisualStudioVersion = 17.5.002.0
MinimumVisualStudioVersion = 10.0.40219.1
Project("{9A19103F-16F7-4668-BE54-9A1E7A4F7556}") = "video-processing-service", "video-processing-service\video-processing-service.csproj", "{271044D0-F025-4AE3-8718-39C24F58D419}"
EndProject
Global
	GlobalSection(SolutionConfigurationPlatforms) = preSolution
		Debug|Any CPU = Debug|Any CPU
		Release|Any CPU = Release|Any CPU
	EndGlobalSection
	GlobalSection(ProjectConfigurationPlatforms) = postSolution
		{271044D0-F025-4AE3-8718-39C24F58D419}.Debug|Any CPU.ActiveCfg = Debug|Any CPU
		{271044D0-F025-4AE3-8718-39C24F58D419}.Debug|Any CPU.Build.0 = Debug|Any CPU
		{271044D0-F025-4AE3-8718-39C24F58D419}.Release|Any CPU.ActiveCfg = Release|Any CPU
		{271044D0-F025-4AE3-8718-39C24F58D419}.Release|Any CPU.Build.0 = Release|Any CPU
	EndGlobalSection
	GlobalSection(SolutionProperties) = preSolution
		HideSolutionNode = FALSE
	EndGlobalSection
	GlobalSection(ExtensibilityGlobals) = postSolution
		SolutionGuid = {A0FD34D2-B7C5-401C-A55F-9682AADAAA15}
	EndGlobalSection
EndGlobal
